{
  "originHash" : "9904166925030d438115cf3427cde4d59a2e94263ad3f7cb6cc541da2d8f7430",
  "pins" : [
    {
      "identity" : "utilikit",
      "kind" : "remoteSourceControl",
      "location" : "https://github.com/stephenbensley/UtiliKit",
      "state" : {
        "branch" : "main",
        "revision" : "ab173e9bd7891ad91e04af2a17a8c1198739433f"
      }
    }
  ],
  "version" : 3
}
